{
  "name": "hermes-agent",
  "version": "1.0.0",
  "lockfileVersion": 3,
  "requires": true,
  "packages": {
    "": {
      "name": "hermes-agent",
      "version": "1.0.0",
      "dependencies": {
        "agent-browser": "^0.26.0"
      },
      "engines": {
        "node": ">=20.0.0"
      }
    },
    "node_modules/agent-browser": {
      "version": "0.26.0",
      "resolved": "https://registry.npmjs.org/agent-browser/-/agent-browser-0.26.0.tgz"
    }
  }
}
